{
  "name": "code",
  "version": "1.0.0",
  "lockfileVersion": 3,
  "requires": true,
  "packages": {
    "": {
      "name": "code",
      "version": "1.0.0",
      "license": "ISC",
      "dependencies": {
        "undici": "^6.19.7"
      }
    },
    "node_modules/undici": {
      "version": "6.19.7",
      "resolved": "https://registry.npmjs.org/undici/-/undici-6.19.7.tgz",
      "integrity": "sha512-HR3W/bMGPSr90i8AAp2C4DM3wChFdJPLrWYpIS++LxS8K+W535qftjt+4MyjNYHeWabMj1nvtmLIi7l++iq91A==",
      "license": "MIT",
      "engines": {
        "node": ">=18.17"
      }
    }
  }
}
